
Microsoft Visual Studio Solution File, Format Version 12.00
# Visual Studio 15
VisualStudioVersion = 15.0.28307.705
MinimumVisualStudioVersion = 10.0.40219.1
Project("{FAE04EC0-301F-11D3-BF4B-00C04F79EFBC}") = "StationsStarter", "StationsStarter\StationsStarter.csproj", "{DDCA8D0C-177A-4676-8DED-BE2496AD9AB7}"
EndProject
Global
	GlobalSection(SolutionConfigurationPlatforms) = preSolution
		Debug|Any CPU = Debug|Any CPU
		Release|Any CPU = Release|Any CPU
	EndGlobalSection
	GlobalSection(ProjectConfigurationPlatforms) = postSolution
		{DDCA8D0C-177A-4676-8DED-BE2496AD9AB7}.Debug|Any CPU.ActiveCfg = Debug|Any CPU
		{DDCA8D0C-177A-4676-8DED-BE2496AD9AB7}.Debug|Any CPU.Build.0 = Debug|Any CPU
		{DDCA8D0C-177A-4676-8DED-BE2496AD9AB7}.Release|Any CPU.ActiveCfg = Release|Any CPU
		{DDCA8D0C-177A-4676-8DED-BE2496AD9AB7}.Release|Any CPU.Build.0 = Release|Any CPU
	EndGlobalSection
	GlobalSection(SolutionProperties) = preSolution
		HideSolutionNode = FALSE
	EndGlobalSection
	GlobalSection(ExtensibilityGlobals) = postSolution
		SolutionGuid = {49509E4C-FDC0-4206-9D7E-ED059769C990}
	EndGlobalSection
EndGlobal
