
Microsoft Visual Studio Solution File, Format Version 12.00
# Visual Studio 15
VisualStudioVersion = 15.0.28307.705
MinimumVisualStudioVersion = 10.0.40219.1
Project("{FAE04EC0-301F-11D3-BF4B-00C04F79EFBC}") = "JFTES Configurator", "JFTES Configurator\JFTES Configurator.csproj", "{0DF599CF-1603-4095-9166-65E347081BC6}"
EndProject
Global
	GlobalSection(SolutionConfigurationPlatforms) = preSolution
		Debug|Any CPU = Debug|Any CPU
		Release|Any CPU = Release|Any CPU
	EndGlobalSection
	GlobalSection(ProjectConfigurationPlatforms) = postSolution
		{0DF599CF-1603-4095-9166-65E347081BC6}.Debug|Any CPU.ActiveCfg = Debug|Any CPU
		{0DF599CF-1603-4095-9166-65E347081BC6}.Debug|Any CPU.Build.0 = Debug|Any CPU
		{0DF599CF-1603-4095-9166-65E347081BC6}.Release|Any CPU.ActiveCfg = Release|Any CPU
		{0DF599CF-1603-4095-9166-65E347081BC6}.Release|Any CPU.Build.0 = Release|Any CPU
	EndGlobalSection
	GlobalSection(SolutionProperties) = preSolution
		HideSolutionNode = FALSE
	EndGlobalSection
	GlobalSection(ExtensibilityGlobals) = postSolution
		SolutionGuid = {48057C06-6085-464B-B9A2-63CBC27E31C3}
	EndGlobalSection
EndGlobal
