
Microsoft Visual Studio Solution File, Format Version 12.00
# Visual Studio 15
VisualStudioVersion = 15.0.28307.329
MinimumVisualStudioVersion = 10.0.40219.1
Project("{FAE04EC0-301F-11D3-BF4B-00C04F79EFBC}") = "WatchDog", "WatchDog\WatchDog.csproj", "{DEA21745-8792-4198-AC44-533A4349CC0D}"
EndProject
Global
	GlobalSection(SolutionConfigurationPlatforms) = preSolution
		Debug|Any CPU = Debug|Any CPU
		Release|Any CPU = Release|Any CPU
	EndGlobalSection
	GlobalSection(ProjectConfigurationPlatforms) = postSolution
		{DEA21745-8792-4198-AC44-533A4349CC0D}.Debug|Any CPU.ActiveCfg = Debug|Any CPU
		{DEA21745-8792-4198-AC44-533A4349CC0D}.Debug|Any CPU.Build.0 = Debug|Any CPU
		{DEA21745-8792-4198-AC44-533A4349CC0D}.Release|Any CPU.ActiveCfg = Release|Any CPU
		{DEA21745-8792-4198-AC44-533A4349CC0D}.Release|Any CPU.Build.0 = Release|Any CPU
	EndGlobalSection
	GlobalSection(SolutionProperties) = preSolution
		HideSolutionNode = FALSE
	EndGlobalSection
	GlobalSection(ExtensibilityGlobals) = postSolution
		SolutionGuid = {00BE2C71-5FDC-46CE-B108-18F53A51B05A}
	EndGlobalSection
EndGlobal
